
Microsoft Visual Studio Solution File, Format Version 12.00
# Visual Studio Version 17
VisualStudioVersion = 17.2.32616.157
MinimumVisualStudioVersion = 10.0.40219.1
Project("{FAE04EC0-301F-11D3-BF4B-00C04F79EFBC}") = "FujisanPuzzleSolver", "FujisanPuzzleSolver\FujisanPuzzleSolver.csproj", "{22FFA570-D7EB-411A-A9BD-67DA7BF5E906}"
EndProject
Global
	GlobalSection(SolutionConfigurationPlatforms) = preSolution
		Debug|Any CPU = Debug|Any CPU
		Release|Any CPU = Release|Any CPU
	EndGlobalSection
	GlobalSection(ProjectConfigurationPlatforms) = postSolution
		{22FFA570-D7EB-411A-A9BD-67DA7BF5E906}.Debug|Any CPU.ActiveCfg = Debug|Any CPU
		{22FFA570-D7EB-411A-A9BD-67DA7BF5E906}.Debug|Any CPU.Build.0 = Debug|Any CPU
		{22FFA570-D7EB-411A-A9BD-67DA7BF5E906}.Release|Any CPU.ActiveCfg = Release|Any CPU
		{22FFA570-D7EB-411A-A9BD-67DA7BF5E906}.Release|Any CPU.Build.0 = Release|Any CPU
	EndGlobalSection
	GlobalSection(SolutionProperties) = preSolution
		HideSolutionNode = FALSE
	EndGlobalSection
	GlobalSection(ExtensibilityGlobals) = postSolution
		SolutionGuid = {2FAEC8FB-23E2-4EB5-98A2-6D96405EA840}
	EndGlobalSection
EndGlobal
